
Microsoft Visual Studio Solution File, Format Version 12.00
# Visual Studio Version 17
VisualStudioVersion = 17.2.32519.379
MinimumVisualStudioVersion = 10.0.40219.1
Project("{FAE04EC0-301F-11D3-BF4B-00C04F79EFBC}") = "Lab4 (ASMX)", "Lab4 (ASMX)\Lab4 (ASMX).csproj", "{D6A74D14-83E5-402B-8515-7B44D9961FBB}"
EndProject
Project("{FAE04EC0-301F-11D3-BF4B-00C04F79EFBC}") = "Lab4 (Client)", "Lab4 (Client)\Lab4 (Client).csproj", "{99502A42-2CC1-48BE-A16E-E441118F6963}"
	ProjectSection(ProjectDependencies) = postProject
		{D6A74D14-83E5-402B-8515-7B44D9961FBB} = {D6A74D14-83E5-402B-8515-7B44D9961FBB}
	EndProjectSection
EndProject
Project("{FAE04EC0-301F-11D3-BF4B-00C04F79EFBC}") = "Lab4(Client)", "Lab4(Client)\Lab4(Client).csproj", "{137D7B0D-CCA6-425D-875C-9C054763AF69}"
EndProject
Global
	GlobalSection(SolutionConfigurationPlatforms) = preSolution
		Debug|Any CPU = Debug|Any CPU
		Release|Any CPU = Release|Any CPU
	EndGlobalSection
	GlobalSection(ProjectConfigurationPlatforms) = postSolution
		{D6A74D14-83E5-402B-8515-7B44D9961FBB}.Debug|Any CPU.ActiveCfg = Debug|Any CPU
		{D6A74D14-83E5-402B-8515-7B44D9961FBB}.Debug|Any CPU.Build.0 = Debug|Any CPU
		{D6A74D14-83E5-402B-8515-7B44D9961FBB}.Release|Any CPU.ActiveCfg = Release|Any CPU
		{D6A74D14-83E5-402B-8515-7B44D9961FBB}.Release|Any CPU.Build.0 = Release|Any CPU
		{99502A42-2CC1-48BE-A16E-E441118F6963}.Debug|Any CPU.ActiveCfg = Debug|Any CPU
		{99502A42-2CC1-48BE-A16E-E441118F6963}.Debug|Any CPU.Build.0 = Debug|Any CPU
		{99502A42-2CC1-48BE-A16E-E441118F6963}.Release|Any CPU.ActiveCfg = Release|Any CPU
		{99502A42-2CC1-48BE-A16E-E441118F6963}.Release|Any CPU.Build.0 = Release|Any CPU
		{137D7B0D-CCA6-425D-875C-9C054763AF69}.Debug|Any CPU.ActiveCfg = Debug|Any CPU
		{137D7B0D-CCA6-425D-875C-9C054763AF69}.Debug|Any CPU.Build.0 = Debug|Any CPU
		{137D7B0D-CCA6-425D-875C-9C054763AF69}.Release|Any CPU.ActiveCfg = Release|Any CPU
		{137D7B0D-CCA6-425D-875C-9C054763AF69}.Release|Any CPU.Build.0 = Release|Any CPU
	EndGlobalSection
	GlobalSection(SolutionProperties) = preSolution
		HideSolutionNode = FALSE
	EndGlobalSection
	GlobalSection(ExtensibilityGlobals) = postSolution
		SolutionGuid = {59FD4EEF-F5E9-4D3C-A0DA-1F7762296E43}
	EndGlobalSection
EndGlobal
