
Microsoft Visual Studio Solution File, Format Version 12.00
# Visual Studio Version 17
VisualStudioVersion = 17.2.32519.379
MinimumVisualStudioVersion = 10.0.40219.1
Project("{FAE04EC0-301F-11D3-BF4B-00C04F79EFBC}") = "Lab2", "Lab2\Lab2.csproj", "{00B40D9C-DCCF-4A60-A875-225845AFFDEE}"
EndProject
Global
	GlobalSection(SolutionConfigurationPlatforms) = preSolution
		Debug|Any CPU = Debug|Any CPU
		Release|Any CPU = Release|Any CPU
	EndGlobalSection
	GlobalSection(ProjectConfigurationPlatforms) = postSolution
		{00B40D9C-DCCF-4A60-A875-225845AFFDEE}.Debug|Any CPU.ActiveCfg = Debug|Any CPU
		{00B40D9C-DCCF-4A60-A875-225845AFFDEE}.Debug|Any CPU.Build.0 = Debug|Any CPU
		{00B40D9C-DCCF-4A60-A875-225845AFFDEE}.Release|Any CPU.ActiveCfg = Release|Any CPU
		{00B40D9C-DCCF-4A60-A875-225845AFFDEE}.Release|Any CPU.Build.0 = Release|Any CPU
	EndGlobalSection
	GlobalSection(SolutionProperties) = preSolution
		HideSolutionNode = FALSE
	EndGlobalSection
	GlobalSection(ExtensibilityGlobals) = postSolution
		SolutionGuid = {239FDA34-81C9-49A3-B530-0E4A2605D1E7}
	EndGlobalSection
EndGlobal
